
Microsoft Visual Studio Solution File, Format Version 12.00
# Visual Studio Version 16
VisualStudioVersion = 16.0.29905.134
MinimumVisualStudioVersion = 10.0.40219.1
Project("{FAE04EC0-301F-11D3-BF4B-00C04F79EFBC}") = "WebHello", "WebHello\WebHello.csproj", "{43AE225E-161E-4968-AD32-3E5DD582075E}"
EndProject
Project("{FAE04EC0-301F-11D3-BF4B-00C04F79EFBC}") = "WebHello.Tests", "WebHello.Tests\WebHello.Tests.csproj", "{65604CFF-3495-4929-A33A-C5494658596F}"
EndProject
Global
	GlobalSection(SolutionConfigurationPlatforms) = preSolution
		Debug|Any CPU = Debug|Any CPU
		Release|Any CPU = Release|Any CPU
	EndGlobalSection
	GlobalSection(ProjectConfigurationPlatforms) = postSolution
		{43AE225E-161E-4968-AD32-3E5DD582075E}.Debug|Any CPU.ActiveCfg = Debug|Any CPU
		{43AE225E-161E-4968-AD32-3E5DD582075E}.Debug|Any CPU.Build.0 = Debug|Any CPU
		{43AE225E-161E-4968-AD32-3E5DD582075E}.Release|Any CPU.ActiveCfg = Release|Any CPU
		{43AE225E-161E-4968-AD32-3E5DD582075E}.Release|Any CPU.Build.0 = Release|Any CPU
		{65604CFF-3495-4929-A33A-C5494658596F}.Debug|Any CPU.ActiveCfg = Debug|Any CPU
		{65604CFF-3495-4929-A33A-C5494658596F}.Debug|Any CPU.Build.0 = Debug|Any CPU
		{65604CFF-3495-4929-A33A-C5494658596F}.Release|Any CPU.ActiveCfg = Release|Any CPU
		{65604CFF-3495-4929-A33A-C5494658596F}.Release|Any CPU.Build.0 = Release|Any CPU
	EndGlobalSection
	GlobalSection(SolutionProperties) = preSolution
		HideSolutionNode = FALSE
	EndGlobalSection
	GlobalSection(ExtensibilityGlobals) = postSolution
		SolutionGuid = {90515C99-71EA-4E29-A8F7-B0E234243EFC}
	EndGlobalSection
EndGlobal
